
Microsoft Visual Studio Solution File, Format Version 12.00
# Visual Studio Version 17
VisualStudioVersion = 17.5.002.0
MinimumVisualStudioVersion = 10.0.40219.1
Project("{9A19103F-16F7-4668-BE54-9A1E7A4F7556}") = "Gwent++", "Gwent++.csproj", "{03F4805B-2D93-42CF-BADD-126D325DB59D}"
EndProject
Global
	GlobalSection(SolutionConfigurationPlatforms) = preSolution
		Debug|Any CPU = Debug|Any CPU
		Release|Any CPU = Release|Any CPU
	EndGlobalSection
	GlobalSection(ProjectConfigurationPlatforms) = postSolution
		{03F4805B-2D93-42CF-BADD-126D325DB59D}.Debug|Any CPU.ActiveCfg = Debug|Any CPU
		{03F4805B-2D93-42CF-BADD-126D325DB59D}.Debug|Any CPU.Build.0 = Debug|Any CPU
		{03F4805B-2D93-42CF-BADD-126D325DB59D}.Release|Any CPU.ActiveCfg = Release|Any CPU
		{03F4805B-2D93-42CF-BADD-126D325DB59D}.Release|Any CPU.Build.0 = Release|Any CPU
	EndGlobalSection
	GlobalSection(SolutionProperties) = preSolution
		HideSolutionNode = FALSE
	EndGlobalSection
	GlobalSection(ExtensibilityGlobals) = postSolution
		SolutionGuid = {A60DE305-42CF-4B4F-B0E1-41F120ED5EC9}
	EndGlobalSection
EndGlobal
